
Microsoft Visual Studio Solution File, Format Version 12.00
# Visual Studio 2012
Project("{FAE04EC0-301F-11D3-BF4B-00C04F79EFBC}") = "DWScript.Sharp", "DWScript.Sharp\DWScript.Sharp.csproj", "{D6AA3B38-B7D0-4802-9796-4E4B8ECCE395}"
EndProject
Project("{FAE04EC0-301F-11D3-BF4B-00C04F79EFBC}") = "DWScriptSharpUnitTests", "DWScriptSharpUnitTests\DWScriptSharpUnitTests.csproj", "{29587FA0-BC29-4EA3-84F9-08B40A1D3AF3}"
EndProject
Project("{2150E333-8FDC-42A3-9474-1A3956D46DE8}") = ".nuget", ".nuget", "{75F58FB6-9F42-4145-B7C2-F86CDB3BCD9B}"
	ProjectSection(SolutionItems) = preProject
		.nuget\NuGet.Config = .nuget\NuGet.Config
		.nuget\NuGet.exe = .nuget\NuGet.exe
		.nuget\NuGet.targets = .nuget\NuGet.targets
	EndProjectSection
EndProject
Project("{FAE04EC0-301F-11D3-BF4B-00C04F79EFBC}") = "TestApp", "TestApp\TestApp.csproj", "{B277D13B-1BD8-4CE2-A07E-7961AD1497CE}"
EndProject
Global
	GlobalSection(SolutionConfigurationPlatforms) = preSolution
		Debug|Any CPU = Debug|Any CPU
		Release|Any CPU = Release|Any CPU
	EndGlobalSection
	GlobalSection(ProjectConfigurationPlatforms) = postSolution
		{D6AA3B38-B7D0-4802-9796-4E4B8ECCE395}.Debug|Any CPU.ActiveCfg = Debug|Any CPU
		{D6AA3B38-B7D0-4802-9796-4E4B8ECCE395}.Debug|Any CPU.Build.0 = Debug|Any CPU
		{D6AA3B38-B7D0-4802-9796-4E4B8ECCE395}.Release|Any CPU.ActiveCfg = Release|Any CPU
		{D6AA3B38-B7D0-4802-9796-4E4B8ECCE395}.Release|Any CPU.Build.0 = Release|Any CPU
		{29587FA0-BC29-4EA3-84F9-08B40A1D3AF3}.Debug|Any CPU.ActiveCfg = Debug|Any CPU
		{29587FA0-BC29-4EA3-84F9-08B40A1D3AF3}.Debug|Any CPU.Build.0 = Debug|Any CPU
		{29587FA0-BC29-4EA3-84F9-08B40A1D3AF3}.Release|Any CPU.ActiveCfg = Release|Any CPU
		{29587FA0-BC29-4EA3-84F9-08B40A1D3AF3}.Release|Any CPU.Build.0 = Release|Any CPU
		{B277D13B-1BD8-4CE2-A07E-7961AD1497CE}.Debug|Any CPU.ActiveCfg = Debug|Any CPU
		{B277D13B-1BD8-4CE2-A07E-7961AD1497CE}.Debug|Any CPU.Build.0 = Debug|Any CPU
		{B277D13B-1BD8-4CE2-A07E-7961AD1497CE}.Release|Any CPU.ActiveCfg = Release|Any CPU
		{B277D13B-1BD8-4CE2-A07E-7961AD1497CE}.Release|Any CPU.Build.0 = Release|Any CPU
	EndGlobalSection
	GlobalSection(SolutionProperties) = preSolution
		HideSolutionNode = FALSE
	EndGlobalSection
EndGlobal
